
Microsoft Visual Studio Solution File, Format Version 12.00
# Visual Studio 14
VisualStudioVersion = 14.0.25123.0
MinimumVisualStudioVersion = 10.0.40219.1
Project("{FAE04EC0-301F-11D3-BF4B-00C04F79EFBC}") = "Acoord.Droid", "Acoord\Acoord.Droid\Acoord.Droid.csproj", "{A374897C-31BD-4542-A4DB-001D6F2D95AA}"
EndProject
Project("{FAE04EC0-301F-11D3-BF4B-00C04F79EFBC}") = "Acoord.iOS", "Acoord\Acoord.iOS\Acoord.iOS.csproj", "{6F8CFA82-65EE-49B2-9D13-FB33604B20B7}"
EndProject
Project("{FAE04EC0-301F-11D3-BF4B-00C04F79EFBC}") = "Acoord.WinPhone", "Acoord\Acoord.WinPhone\Acoord.WinPhone.csproj", "{15F24740-7B26-42DC-8E09-A6CF0FFEF207}"
EndProject
Project("{FAE04EC0-301F-11D3-BF4B-00C04F79EFBC}") = "Acoord.UWP", "Acoord\Acoord.UWP\Acoord.UWP.csproj", "{10294219-2934-4F87-99D9-EC4F1167947A}"
EndProject
Project("{FAE04EC0-301F-11D3-BF4B-00C04F79EFBC}") = "Acoord.Windows", "Acoord\Acoord.Windows\Acoord.Windows.csproj", "{1370D989-9D01-4535-BEAD-A43938314160}"
EndProject
Project("{FAE04EC0-301F-11D3-BF4B-00C04F79EFBC}") = "Acoord", "Acoord\Acoord\Acoord.csproj", "{CF298BC8-C87A-4A2F-B98F-829BCC86C1BB}"
EndProject
Global
	GlobalSection(SolutionConfigurationPlatforms) = preSolution
		Ad-Hoc|Any CPU = Ad-Hoc|Any CPU
		Ad-Hoc|ARM = Ad-Hoc|ARM
		Ad-Hoc|iPhone = Ad-Hoc|iPhone
		Ad-Hoc|iPhoneSimulator = Ad-Hoc|iPhoneSimulator
		Ad-Hoc|x64 = Ad-Hoc|x64
		Ad-Hoc|x86 = Ad-Hoc|x86
		AppStore|Any CPU = AppStore|Any CPU
		AppStore|ARM = AppStore|ARM
		AppStore|iPhone = AppStore|iPhone
		AppStore|iPhoneSimulator = AppStore|iPhoneSimulator
		AppStore|x64 = AppStore|x64
		AppStore|x86 = AppStore|x86
		Debug|Any CPU = Debug|Any CPU
		Debug|ARM = Debug|ARM
		Debug|iPhone = Debug|iPhone
		Debug|iPhoneSimulator = Debug|iPhoneSimulator
		Debug|x64 = Debug|x64
		Debug|x86 = Debug|x86
		Release|Any CPU = Release|Any CPU
		Release|ARM = Release|ARM
		Release|iPhone = Release|iPhone
		Release|iPhoneSimulator = Release|iPhoneSimulator
		Release|x64 = Release|x64
		Release|x86 = Release|x86
	EndGlobalSection
	GlobalSection(ProjectConfigurationPlatforms) = postSolution
		{A374897C-31BD-4542-A4DB-001D6F2D95AA}.Ad-Hoc|Any CPU.ActiveCfg = Release|Any CPU
		{A374897C-31BD-4542-A4DB-001D6F2D95AA}.Ad-Hoc|Any CPU.Build.0 = Release|Any CPU
		{A374897C-31BD-4542-A4DB-001D6F2D95AA}.Ad-Hoc|Any CPU.Deploy.0 = Release|Any CPU
		{A374897C-31BD-4542-A4DB-001D6F2D95AA}.Ad-Hoc|ARM.ActiveCfg = Release|Any CPU
		{A374897C-31BD-4542-A4DB-001D6F2D95AA}.Ad-Hoc|ARM.Build.0 = Release|Any CPU
		{A374897C-31BD-4542-A4DB-001D6F2D95AA}.Ad-Hoc|ARM.Deploy.0 = Release|Any CPU
		{A374897C-31BD-4542-A4DB-001D6F2D95AA}.Ad-Hoc|iPhone.ActiveCfg = Release|Any CPU
		{A374897C-31BD-4542-A4DB-001D6F2D95AA}.Ad-Hoc|iPhone.Build.0 = Release|Any CPU
		{A374897C-31BD-4542-A4DB-001D6F2D95AA}.Ad-Hoc|iPhone.Deploy.0 = Release|Any CPU
		{A374897C-31BD-4542-A4DB-001D6F2D95AA}.Ad-Hoc|iPhoneSimulator.ActiveCfg = Release|Any CPU
		{A374897C-31BD-4542-A4DB-001D6F2D95AA}.Ad-Hoc|iPhoneSimulator.Build.0 = Release|Any CPU
		{A374897C-31BD-4542-A4DB-001D6F2D95AA}.Ad-Hoc|iPhoneSimulator.Deploy.0 = Release|Any CPU
		{A374897C-31BD-4542-A4DB-001D6F2D95AA}.Ad-Hoc|x64.ActiveCfg = Release|Any CPU
		{A374897C-31BD-4542-A4DB-001D6F2D95AA}.Ad-Hoc|x64.Build.0 = Release|Any CPU
		{A374897C-31BD-4542-A4DB-001D6F2D95AA}.Ad-Hoc|x64.Deploy.0 = Release|Any CPU
		{A374897C-31BD-4542-A4DB-001D6F2D95AA}.Ad-Hoc|x86.ActiveCfg = Release|Any CPU
		{A374897C-31BD-4542-A4DB-001D6F2D95AA}.Ad-Hoc|x86.Build.0 = Release|Any CPU
		{A374897C-31BD-4542-A4DB-001D6F2D95AA}.Ad-Hoc|x86.Deploy.0 = Release|Any CPU
		{A374897C-31BD-4542-A4DB-001D6F2D95AA}.AppStore|Any CPU.ActiveCfg = Release|Any CPU
		{A374897C-31BD-4542-A4DB-001D6F2D95AA}.AppStore|Any CPU.Build.0 = Release|Any CPU
		{A374897C-31BD-4542-A4DB-001D6F2D95AA}.AppStore|Any CPU.Deploy.0 = Release|Any CPU
		{A374897C-31BD-4542-A4DB-001D6F2D95AA}.AppStore|ARM.ActiveCfg = Release|Any CPU
		{A374897C-31BD-4542-A4DB-001D6F2D95AA}.AppStore|ARM.Build.0 = Release|Any CPU
		{A374897C-31BD-4542-A4DB-001D6F2D95AA}.AppStore|ARM.Deploy.0 = Release|Any CPU
		{A374897C-31BD-4542-A4DB-001D6F2D95AA}.AppStore|iPhone.ActiveCfg = Release|Any CPU
		{A374897C-31BD-4542-A4DB-001D6F2D95AA}.AppStore|iPhone.Build.0 = Release|Any CPU
		{A374897C-31BD-4542-A4DB-001D6F2D95AA}.AppStore|iPhone.Deploy.0 = Release|Any CPU
		{A374897C-31BD-4542-A4DB-001D6F2D95AA}.AppStore|iPhoneSimulator.ActiveCfg = Release|Any CPU
		{A374897C-31BD-4542-A4DB-001D6F2D95AA}.AppStore|iPhoneSimulator.Build.0 = Release|Any CPU
		{A374897C-31BD-4542-A4DB-001D6F2D95AA}.AppStore|iPhoneSimulator.Deploy.0 = Release|Any CPU
		{A374897C-31BD-4542-A4DB-001D6F2D95AA}.AppStore|x64.ActiveCfg = Release|Any CPU
		{A374897C-31BD-4542-A4DB-001D6F2D95AA}.AppStore|x64.Build.0 = Release|Any CPU
		{A374897C-31BD-4542-A4DB-001D6F2D95AA}.AppStore|x64.Deploy.0 = Release|Any CPU
		{A374897C-31BD-4542-A4DB-001D6F2D95AA}.AppStore|x86.ActiveCfg = Release|Any CPU
		{A374897C-31BD-4542-A4DB-001D6F2D95AA}.AppStore|x86.Build.0 = Release|Any CPU
		{A374897C-31BD-4542-A4DB-001D6F2D95AA}.AppStore|x86.Deploy.0 = Release|Any CPU
		{A374897C-31BD-4542-A4DB-001D6F2D95AA}.Debug|Any CPU.ActiveCfg = Debug|Any CPU
		{A374897C-31BD-4542-A4DB-001D6F2D95AA}.Debug|Any CPU.Build.0 = Debug|Any CPU
		{A374897C-31BD-4542-A4DB-001D6F2D95AA}.Debug|Any CPU.Deploy.0 = Debug|Any CPU
		{A374897C-31BD-4542-A4DB-001D6F2D95AA}.Debug|ARM.ActiveCfg = Debug|Any CPU
		{A374897C-31BD-4542-A4DB-001D6F2D95AA}.Debug|ARM.Build.0 = Debug|Any CPU
		{A374897C-31BD-4542-A4DB-001D6F2D95AA}.Debug|ARM.Deploy.0 = Debug|Any CPU
		{A374897C-31BD-4542-A4DB-001D6F2D95AA}.Debug|iPhone.ActiveCfg = Debug|Any CPU
		{A374897C-31BD-4542-A4DB-001D6F2D95AA}.Debug|iPhone.Build.0 = Debug|Any CPU
		{A374897C-31BD-4542-A4DB-001D6F2D95AA}.Debug|iPhone.Deploy.0 = Debug|Any CPU
		{A374897C-31BD-4542-A4DB-001D6F2D95AA}.Debug|iPhoneSimulator.ActiveCfg = Debug|Any CPU
		{A374897C-31BD-4542-A4DB-001D6F2D95AA}.Debug|iPhoneSimulator.Build.0 = Debug|Any CPU
		{A374897C-31BD-4542-A4DB-001D6F2D95AA}.Debug|iPhoneSimulator.Deploy.0 = Debug|Any CPU
		{A374897C-31BD-4542-A4DB-001D6F2D95AA}.Debug|x64.ActiveCfg = Debug|Any CPU
		{A374897C-31BD-4542-A4DB-001D6F2D95AA}.Debug|x64.Build.0 = Debug|Any CPU
		{A374897C-31BD-4542-A4DB-001D6F2D95AA}.Debug|x64.Deploy.0 = Debug|Any CPU
		{A374897C-31BD-4542-A4DB-001D6F2D95AA}.Debug|x86.ActiveCfg = Debug|Any CPU
		{A374897C-31BD-4542-A4DB-001D6F2D95AA}.Debug|x86.Build.0 = Debug|Any CPU
		{A374897C-31BD-4542-A4DB-001D6F2D95AA}.Debug|x86.Deploy.0 = Debug|Any CPU
		{A374897C-31BD-4542-A4DB-001D6F2D95AA}.Release|Any CPU.ActiveCfg = Release|Any CPU
		{A374897C-31BD-4542-A4DB-001D6F2D95AA}.Release|Any CPU.Build.0 = Release|Any CPU
		{A374897C-31BD-4542-A4DB-001D6F2D95AA}.Release|Any CPU.Deploy.0 = Release|Any CPU
		{A374897C-31BD-4542-A4DB-001D6F2D95AA}.Release|ARM.ActiveCfg = Release|Any CPU
		{A374897C-31BD-4542-A4DB-001D6F2D95AA}.Release|ARM.Build.0 = Release|Any CPU
		{A374897C-31BD-4542-A4DB-001D6F2D95AA}.Release|ARM.Deploy.0 = Release|Any CPU
		{A374897C-31BD-4542-A4DB-001D6F2D95AA}.Release|iPhone.ActiveCfg = Release|Any CPU
		{A374897C-31BD-4542-A4DB-001D6F2D95AA}.Release|iPhone.Build.0 = Release|Any CPU
		{A374897C-31BD-4542-A4DB-001D6F2D95AA}.Release|iPhone.Deploy.0 = Release|Any CPU
		{A374897C-31BD-4542-A4DB-001D6F2D95AA}.Release|iPhoneSimulator.ActiveCfg = Release|Any CPU
		{A374897C-31BD-4542-A4DB-001D6F2D95AA}.Release|iPhoneSimulator.Build.0 = Release|Any CPU
		{A374897C-31BD-4542-A4DB-001D6F2D95AA}.Release|iPhoneSimulator.Deploy.0 = Release|Any CPU
		{A374897C-31BD-4542-A4DB-001D6F2D95AA}.Release|x64.ActiveCfg = Release|Any CPU
		{A374897C-31BD-4542-A4DB-001D6F2D95AA}.Release|x64.Build.0 = Release|Any CPU
		{A374897C-31BD-4542-A4DB-001D6F2D95AA}.Release|x64.Deploy.0 = Release|Any CPU
		{A374897C-31BD-4542-A4DB-001D6F2D95AA}.Release|x86.ActiveCfg = Release|Any CPU
		{A374897C-31BD-4542-A4DB-001D6F2D95AA}.Release|x86.Build.0 = Release|Any CPU
		{A374897C-31BD-4542-A4DB-001D6F2D95AA}.Release|x86.Deploy.0 = Release|Any CPU
		{6F8CFA82-65EE-49B2-9D13-FB33604B20B7}.Ad-Hoc|Any CPU.ActiveCfg = Ad-Hoc|iPhone
		{6F8CFA82-65EE-49B2-9D13-FB33604B20B7}.Ad-Hoc|ARM.ActiveCfg = Ad-Hoc|iPhone
		{6F8CFA82-65EE-49B2-9D13-FB33604B20B7}.Ad-Hoc|iPhone.ActiveCfg = Ad-Hoc|iPhone
		{6F8CFA82-65EE-49B2-9D13-FB33604B20B7}.Ad-Hoc|iPhone.Build.0 = Ad-Hoc|iPhone
		{6F8CFA82-65EE-49B2-9D13-FB33604B20B7}.Ad-Hoc|iPhoneSimulator.ActiveCfg = Ad-Hoc|iPhoneSimulator
		{6F8CFA82-65EE-49B2-9D13-FB33604B20B7}.Ad-Hoc|iPhoneSimulator.Build.0 = Ad-Hoc|iPhoneSimulator
		{6F8CFA82-65EE-49B2-9D13-FB33604B20B7}.Ad-Hoc|x64.ActiveCfg = Ad-Hoc|iPhone
		{6F8CFA82-65EE-49B2-9D13-FB33604B20B7}.Ad-Hoc|x86.ActiveCfg = Ad-Hoc|iPhone
		{6F8CFA82-65EE-49B2-9D13-FB33604B20B7}.AppStore|Any CPU.ActiveCfg = AppStore|iPhone
		{6F8CFA82-65EE-49B2-9D13-FB33604B20B7}.AppStore|ARM.ActiveCfg = AppStore|iPhone
		{6F8CFA82-65EE-49B2-9D13-FB33604B20B7}.AppStore|iPhone.ActiveCfg = AppStore|iPhone
		{6F8CFA82-65EE-49B2-9D13-FB33604B20B7}.AppStore|iPhone.Build.0 = AppStore|iPhone
		{6F8CFA82-65EE-49B2-9D13-FB33604B20B7}.AppStore|iPhoneSimulator.ActiveCfg = AppStore|iPhoneSimulator
		{6F8CFA82-65EE-49B2-9D13-FB33604B20B7}.AppStore|iPhoneSimulator.Build.0 = AppStore|iPhoneSimulator
		{6F8CFA82-65EE-49B2-9D13-FB33604B20B7}.AppStore|x64.ActiveCfg = AppStore|iPhone
		{6F8CFA82-65EE-49B2-9D13-FB33604B20B7}.AppStore|x86.ActiveCfg = AppStore|iPhone
		{6F8CFA82-65EE-49B2-9D13-FB33604B20B7}.Debug|Any CPU.ActiveCfg = Debug|iPhone
		{6F8CFA82-65EE-49B2-9D13-FB33604B20B7}.Debug|ARM.ActiveCfg = Debug|iPhone
		{6F8CFA82-65EE-49B2-9D13-FB33604B20B7}.Debug|iPhone.ActiveCfg = Debug|iPhone
		{6F8CFA82-65EE-49B2-9D13-FB33604B20B7}.Debug|iPhone.Build.0 = Debug|iPhone
		{6F8CFA82-65EE-49B2-9D13-FB33604B20B7}.Debug|iPhoneSimulator.ActiveCfg = Debug|iPhoneSimulator
		{6F8CFA82-65EE-49B2-9D13-FB33604B20B7}.Debug|iPhoneSimulator.Build.0 = Debug|iPhoneSimulator
		{6F8CFA82-65EE-49B2-9D13-FB33604B20B7}.Debug|x64.ActiveCfg = Debug|iPhone
		{6F8CFA82-65EE-49B2-9D13-FB33604B20B7}.Debug|x86.ActiveCfg = Debug|iPhone
		{6F8CFA82-65EE-49B2-9D13-FB33604B20B7}.Release|Any CPU.ActiveCfg = Release|iPhone
		{6F8CFA82-65EE-49B2-9D13-FB33604B20B7}.Release|ARM.ActiveCfg = Release|iPhone
		{6F8CFA82-65EE-49B2-9D13-FB33604B20B7}.Release|iPhone.ActiveCfg = Release|iPhone
		{6F8CFA82-65EE-49B2-9D13-FB33604B20B7}.Release|iPhone.Build.0 = Release|iPhone
		{6F8CFA82-65EE-49B2-9D13-FB33604B20B7}.Release|iPhoneSimulator.ActiveCfg = Release|iPhoneSimulator
		{6F8CFA82-65EE-49B2-9D13-FB33604B20B7}.Release|iPhoneSimulator.Build.0 = Release|iPhoneSimulator
		{6F8CFA82-65EE-49B2-9D13-FB33604B20B7}.Release|x64.ActiveCfg = Release|iPhone
		{6F8CFA82-65EE-49B2-9D13-FB33604B20B7}.Release|x86.ActiveCfg = Release|iPhone
		{15F24740-7B26-42DC-8E09-A6CF0FFEF207}.Ad-Hoc|Any CPU.ActiveCfg = Release|Any CPU
		{15F24740-7B26-42DC-8E09-A6CF0FFEF207}.Ad-Hoc|Any CPU.Build.0 = Release|Any CPU
		{15F24740-7B26-42DC-8E09-A6CF0FFEF207}.Ad-Hoc|Any CPU.Deploy.0 = Release|Any CPU
		{15F24740-7B26-42DC-8E09-A6CF0FFEF207}.Ad-Hoc|ARM.ActiveCfg = Release|ARM
		{15F24740-7B26-42DC-8E09-A6CF0FFEF207}.Ad-Hoc|ARM.Build.0 = Release|ARM
		{15F24740-7B26-42DC-8E09-A6CF0FFEF207}.Ad-Hoc|ARM.Deploy.0 = Release|ARM
		{15F24740-7B26-42DC-8E09-A6CF0FFEF207}.Ad-Hoc|iPhone.ActiveCfg = Release|Any CPU
		{15F24740-7B26-42DC-8E09-A6CF0FFEF207}.Ad-Hoc|iPhone.Build.0 = Release|Any CPU
		{15F24740-7B26-42DC-8E09-A6CF0FFEF207}.Ad-Hoc|iPhone.Deploy.0 = Release|Any CPU
		{15F24740-7B26-42DC-8E09-A6CF0FFEF207}.Ad-Hoc|iPhoneSimulator.ActiveCfg = Release|Any CPU
		{15F24740-7B26-42DC-8E09-A6CF0FFEF207}.Ad-Hoc|iPhoneSimulator.Build.0 = Release|Any CPU
		{15F24740-7B26-42DC-8E09-A6CF0FFEF207}.Ad-Hoc|iPhoneSimulator.Deploy.0 = Release|Any CPU
		{15F24740-7B26-42DC-8E09-A6CF0FFEF207}.Ad-Hoc|x64.ActiveCfg = Release|Any CPU
		{15F24740-7B26-42DC-8E09-A6CF0FFEF207}.Ad-Hoc|x64.Build.0 = Release|Any CPU
		{15F24740-7B26-42DC-8E09-A6CF0FFEF207}.Ad-Hoc|x64.Deploy.0 = Release|Any CPU
		{15F24740-7B26-42DC-8E09-A6CF0FFEF207}.Ad-Hoc|x86.ActiveCfg = Release|x86
		{15F24740-7B26-42DC-8E09-A6CF0FFEF207}.Ad-Hoc|x86.Build.0 = Release|x86
		{15F24740-7B26-42DC-8E09-A6CF0FFEF207}.Ad-Hoc|x86.Deploy.0 = Release|x86
		{15F24740-7B26-42DC-8E09-A6CF0FFEF207}.AppStore|Any CPU.ActiveCfg = Release|Any CPU
		{15F24740-7B26-42DC-8E09-A6CF0FFEF207}.AppStore|Any CPU.Build.0 = Release|Any CPU
		{15F24740-7B26-42DC-8E09-A6CF0FFEF207}.AppStore|Any CPU.Deploy.0 = Release|Any CPU
		{15F24740-7B26-42DC-8E09-A6CF0FFEF207}.AppStore|ARM.ActiveCfg = Release|ARM
		{15F24740-7B26-42DC-8E09-A6CF0FFEF207}.AppStore|ARM.Build.0 = Release|ARM
		{15F24740-7B26-42DC-8E09-A6CF0FFEF207}.AppStore|ARM.Deploy.0 = Release|ARM
		{15F24740-7B26-42DC-8E09-A6CF0FFEF207}.AppStore|iPhone.ActiveCfg = Release|Any CPU
		{15F24740-7B26-42DC-8E09-A6CF0FFEF207}.AppStore|iPhone.Build.0 = Release|Any CPU
		{15F24740-7B26-42DC-8E09-A6CF0FFEF207}.AppStore|iPhone.Deploy.0 = Release|Any CPU
		{15F24740-7B26-42DC-8E09-A6CF0FFEF207}.AppStore|iPhoneSimulator.ActiveCfg = Release|Any CPU
		{15F24740-7B26-42DC-8E09-A6CF0FFEF207}.AppStore|iPhoneSimulator.Build.0 = Release|Any CPU
		{15F24740-7B26-42DC-8E09-A6CF0FFEF207}.AppStore|iPhoneSimulator.Deploy.0 = Release|Any CPU
		{15F24740-7B26-42DC-8E09-A6CF0FFEF207}.AppStore|x64.ActiveCfg = Release|Any CPU
		{15F24740-7B26-42DC-8E09-A6CF0FFEF207}.AppStore|x64.Build.0 = Release|Any CPU
		{15F24740-7B26-42DC-8E09-A6CF0FFEF207}.AppStore|x64.Deploy.0 = Release|Any CPU
		{15F24740-7B26-42DC-8E09-A6CF0FFEF207}.AppStore|x86.ActiveCfg = Release|x86
		{15F24740-7B26-42DC-8E09-A6CF0FFEF207}.AppStore|x86.Build.0 = Release|x86
		{15F24740-7B26-42DC-8E09-A6CF0FFEF207}.AppStore|x86.Deploy.0 = Release|x86
		{15F24740-7B26-42DC-8E09-A6CF0FFEF207}.Debug|Any CPU.ActiveCfg = Debug|Any CPU
		{15F24740-7B26-42DC-8E09-A6CF0FFEF207}.Debug|Any CPU.Build.0 = Debug|Any CPU
		{15F24740-7B26-42DC-8E09-A6CF0FFEF207}.Debug|Any CPU.Deploy.0 = Debug|Any CPU
		{15F24740-7B26-42DC-8E09-A6CF0FFEF207}.Debug|ARM.ActiveCfg = Debug|ARM
		{15F24740-7B26-42DC-8E09-A6CF0FFEF207}.Debug|ARM.Build.0 = Debug|ARM
		{15F24740-7B26-42DC-8E09-A6CF0FFEF207}.Debug|ARM.Deploy.0 = Debug|ARM
		{15F24740-7B26-42DC-8E09-A6CF0FFEF207}.Debug|iPhone.ActiveCfg = Debug|Any CPU
		{15F24740-7B26-42DC-8E09-A6CF0FFEF207}.Debug|iPhone.Build.0 = Debug|Any CPU
		{15F24740-7B26-42DC-8E09-A6CF0FFEF207}.Debug|iPhone.Deploy.0 = Debug|Any CPU
		{15F24740-7B26-42DC-8E09-A6CF0FFEF207}.Debug|iPhoneSimulator.ActiveCfg = Debug|Any CPU
		{15F24740-7B26-42DC-8E09-A6CF0FFEF207}.Debug|iPhoneSimulator.Build.0 = Debug|Any CPU
		{15F24740-7B26-42DC-8E09-A6CF0FFEF207}.Debug|iPhoneSimulator.Deploy.0 = Debug|Any CPU
		{15F24740-7B26-42DC-8E09-A6CF0FFEF207}.Debug|x64.ActiveCfg = Debug|Any CPU
		{15F24740-7B26-42DC-8E09-A6CF0FFEF207}.Debug|x64.Build.0 = Debug|Any CPU
		{15F24740-7B26-42DC-8E09-A6CF0FFEF207}.Debug|x64.Deploy.0 = Debug|Any CPU
		{15F24740-7B26-42DC-8E09-A6CF0FFEF207}.Debug|x86.ActiveCfg = Debug|x86
		{15F24740-7B26-42DC-8E09-A6CF0FFEF207}.Debug|x86.Build.0 = Debug|x86
		{15F24740-7B26-42DC-8E09-A6CF0FFEF207}.Debug|x86.Deploy.0 = Debug|x86
		{15F24740-7B26-42DC-8E09-A6CF0FFEF207}.Release|Any CPU.ActiveCfg = Release|Any CPU
		{15F24740-7B26-42DC-8E09-A6CF0FFEF207}.Release|Any CPU.Build.0 = Release|Any CPU
		{15F24740-7B26-42DC-8E09-A6CF0FFEF207}.Release|Any CPU.Deploy.0 = Release|Any CPU
		{15F24740-7B26-42DC-8E09-A6CF0FFEF207}.Release|ARM.ActiveCfg = Release|ARM
		{15F24740-7B26-42DC-8E09-A6CF0FFEF207}.Release|ARM.Build.0 = Release|ARM
		{15F24740-7B26-42DC-8E09-A6CF0FFEF207}.Release|ARM.Deploy.0 = Release|ARM
		{15F24740-7B26-42DC-8E09-A6CF0FFEF207}.Release|iPhone.ActiveCfg = Release|Any CPU
		{15F24740-7B26-42DC-8E09-A6CF0FFEF207}.Release|iPhone.Build.0 = Release|Any CPU
		{15F24740-7B26-42DC-8E09-A6CF0FFEF207}.Release|iPhone.Deploy.0 = Release|Any CPU
		{15F24740-7B26-42DC-8E09-A6CF0FFEF207}.Release|iPhoneSimulator.ActiveCfg = Release|Any CPU
		{15F24740-7B26-42DC-8E09-A6CF0FFEF207}.Release|iPhoneSimulator.Build.0 = Release|Any CPU
		{15F24740-7B26-42DC-8E09-A6CF0FFEF207}.Release|iPhoneSimulator.Deploy.0 = Release|Any CPU
		{15F24740-7B26-42DC-8E09-A6CF0FFEF207}.Release|x64.ActiveCfg = Release|Any CPU
		{15F24740-7B26-42DC-8E09-A6CF0FFEF207}.Release|x64.Build.0 = Release|Any CPU
		{15F24740-7B26-42DC-8E09-A6CF0FFEF207}.Release|x64.Deploy.0 = Release|Any CPU
		{15F24740-7B26-42DC-8E09-A6CF0FFEF207}.Release|x86.ActiveCfg = Release|x86
		{15F24740-7B26-42DC-8E09-A6CF0FFEF207}.Release|x86.Build.0 = Release|x86
		{15F24740-7B26-42DC-8E09-A6CF0FFEF207}.Release|x86.Deploy.0 = Release|x86
		{10294219-2934-4F87-99D9-EC4F1167947A}.Ad-Hoc|Any CPU.ActiveCfg = Release|x86
		{10294219-2934-4F87-99D9-EC4F1167947A}.Ad-Hoc|Any CPU.Build.0 = Release|x86
		{10294219-2934-4F87-99D9-EC4F1167947A}.Ad-Hoc|Any CPU.Deploy.0 = Release|x86
		{10294219-2934-4F87-99D9-EC4F1167947A}.Ad-Hoc|ARM.ActiveCfg = Release|ARM
		{10294219-2934-4F87-99D9-EC4F1167947A}.Ad-Hoc|ARM.Build.0 = Release|ARM
		{10294219-2934-4F87-99D9-EC4F1167947A}.Ad-Hoc|ARM.Deploy.0 = Release|ARM
		{10294219-2934-4F87-99D9-EC4F1167947A}.Ad-Hoc|iPhone.ActiveCfg = Release|x86
		{10294219-2934-4F87-99D9-EC4F1167947A}.Ad-Hoc|iPhone.Build.0 = Release|x86
		{10294219-2934-4F87-99D9-EC4F1167947A}.Ad-Hoc|iPhone.Deploy.0 = Release|x86
		{10294219-2934-4F87-99D9-EC4F1167947A}.Ad-Hoc|iPhoneSimulator.ActiveCfg = Release|x86
		{10294219-2934-4F87-99D9-EC4F1167947A}.Ad-Hoc|iPhoneSimulator.Build.0 = Release|x86
		{10294219-2934-4F87-99D9-EC4F1167947A}.Ad-Hoc|iPhoneSimulator.Deploy.0 = Release|x86
		{10294219-2934-4F87-99D9-EC4F1167947A}.Ad-Hoc|x64.ActiveCfg = Release|x64
		{10294219-2934-4F87-99D9-EC4F1167947A}.Ad-Hoc|x64.Build.0 = Release|x64
		{10294219-2934-4F87-99D9-EC4F1167947A}.Ad-Hoc|x64.Deploy.0 = Release|x64
		{10294219-2934-4F87-99D9-EC4F1167947A}.Ad-Hoc|x86.ActiveCfg = Release|x86
		{10294219-2934-4F87-99D9-EC4F1167947A}.Ad-Hoc|x86.Build.0 = Release|x86
		{10294219-2934-4F87-99D9-EC4F1167947A}.Ad-Hoc|x86.Deploy.0 = Release|x86
		{10294219-2934-4F87-99D9-EC4F1167947A}.AppStore|Any CPU.ActiveCfg = Release|x86
		{10294219-2934-4F87-99D9-EC4F1167947A}.AppStore|Any CPU.Build.0 = Release|x86
		{10294219-2934-4F87-99D9-EC4F1167947A}.AppStore|Any CPU.Deploy.0 = Release|x86
		{10294219-2934-4F87-99D9-EC4F1167947A}.AppStore|ARM.ActiveCfg = Release|ARM
		{10294219-2934-4F87-99D9-EC4F1167947A}.AppStore|ARM.Build.0 = Release|ARM
		{10294219-2934-4F87-99D9-EC4F1167947A}.AppStore|ARM.Deploy.0 = Release|ARM
		{10294219-2934-4F87-99D9-EC4F1167947A}.AppStore|iPhone.ActiveCfg = Release|x86
		{10294219-2934-4F87-99D9-EC4F1167947A}.AppStore|iPhone.Build.0 = Release|x86
		{10294219-2934-4F87-99D9-EC4F1167947A}.AppStore|iPhone.Deploy.0 = Release|x86
		{10294219-2934-4F87-99D9-EC4F1167947A}.AppStore|iPhoneSimulator.ActiveCfg = Release|x86
		{10294219-2934-4F87-99D9-EC4F1167947A}.AppStore|iPhoneSimulator.Build.0 = Release|x86
		{10294219-2934-4F87-99D9-EC4F1167947A}.AppStore|iPhoneSimulator.Deploy.0 = Release|x86
		{10294219-2934-4F87-99D9-EC4F1167947A}.AppStore|x64.ActiveCfg = Release|x64
		{10294219-2934-4F87-99D9-EC4F1167947A}.AppStore|x64.Build.0 = Release|x64
		{10294219-2934-4F87-99D9-EC4F1167947A}.AppStore|x64.Deploy.0 = Release|x64
		{10294219-2934-4F87-99D9-EC4F1167947A}.AppStore|x86.ActiveCfg = Release|x86
		{10294219-2934-4F87-99D9-EC4F1167947A}.AppStore|x86.Build.0 = Release|x86
		{10294219-2934-4F87-99D9-EC4F1167947A}.AppStore|x86.Deploy.0 = Release|x86
		{10294219-2934-4F87-99D9-EC4F1167947A}.Debug|Any CPU.ActiveCfg = Debug|x86
		{10294219-2934-4F87-99D9-EC4F1167947A}.Debug|ARM.ActiveCfg = Debug|ARM
		{10294219-2934-4F87-99D9-EC4F1167947A}.Debug|ARM.Build.0 = Debug|ARM
		{10294219-2934-4F87-99D9-EC4F1167947A}.Debug|ARM.Deploy.0 = Debug|ARM
		{10294219-2934-4F87-99D9-EC4F1167947A}.Debug|iPhone.ActiveCfg = Debug|x86
		{10294219-2934-4F87-99D9-EC4F1167947A}.Debug|iPhoneSimulator.ActiveCfg = Debug|x86
		{10294219-2934-4F87-99D9-EC4F1167947A}.Debug|x64.ActiveCfg = Debug|x64
		{10294219-2934-4F87-99D9-EC4F1167947A}.Debug|x64.Build.0 = Debug|x64
		{10294219-2934-4F87-99D9-EC4F1167947A}.Debug|x64.Deploy.0 = Debug|x64
		{10294219-2934-4F87-99D9-EC4F1167947A}.Debug|x86.ActiveCfg = Debug|x86
		{10294219-2934-4F87-99D9-EC4F1167947A}.Debug|x86.Build.0 = Debug|x86
		{10294219-2934-4F87-99D9-EC4F1167947A}.Debug|x86.Deploy.0 = Debug|x86
		{10294219-2934-4F87-99D9-EC4F1167947A}.Release|Any CPU.ActiveCfg = Release|x86
		{10294219-2934-4F87-99D9-EC4F1167947A}.Release|ARM.ActiveCfg = Release|ARM
		{10294219-2934-4F87-99D9-EC4F1167947A}.Release|ARM.Build.0 = Release|ARM
		{10294219-2934-4F87-99D9-EC4F1167947A}.Release|ARM.Deploy.0 = Release|ARM
		{10294219-2934-4F87-99D9-EC4F1167947A}.Release|iPhone.ActiveCfg = Release|x86
		{10294219-2934-4F87-99D9-EC4F1167947A}.Release|iPhoneSimulator.ActiveCfg = Release|x86
		{10294219-2934-4F87-99D9-EC4F1167947A}.Release|x64.ActiveCfg = Release|x64
		{10294219-2934-4F87-99D9-EC4F1167947A}.Release|x64.Build.0 = Release|x64
		{10294219-2934-4F87-99D9-EC4F1167947A}.Release|x64.Deploy.0 = Release|x64
		{10294219-2934-4F87-99D9-EC4F1167947A}.Release|x86.ActiveCfg = Release|x86
		{10294219-2934-4F87-99D9-EC4F1167947A}.Release|x86.Build.0 = Release|x86
		{10294219-2934-4F87-99D9-EC4F1167947A}.Release|x86.Deploy.0 = Release|x86
		{1370D989-9D01-4535-BEAD-A43938314160}.Ad-Hoc|Any CPU.ActiveCfg = Release|Any CPU
		{1370D989-9D01-4535-BEAD-A43938314160}.Ad-Hoc|Any CPU.Build.0 = Release|Any CPU
		{1370D989-9D01-4535-BEAD-A43938314160}.Ad-Hoc|Any CPU.Deploy.0 = Release|Any CPU
		{1370D989-9D01-4535-BEAD-A43938314160}.Ad-Hoc|ARM.ActiveCfg = Release|ARM
		{1370D989-9D01-4535-BEAD-A43938314160}.Ad-Hoc|ARM.Build.0 = Release|ARM
		{1370D989-9D01-4535-BEAD-A43938314160}.Ad-Hoc|ARM.Deploy.0 = Release|ARM
		{1370D989-9D01-4535-BEAD-A43938314160}.Ad-Hoc|iPhone.ActiveCfg = Release|Any CPU
		{1370D989-9D01-4535-BEAD-A43938314160}.Ad-Hoc|iPhone.Build.0 = Release|Any CPU
		{1370D989-9D01-4535-BEAD-A43938314160}.Ad-Hoc|iPhone.Deploy.0 = Release|Any CPU
		{1370D989-9D01-4535-BEAD-A43938314160}.Ad-Hoc|iPhoneSimulator.ActiveCfg = Release|Any CPU
		{1370D989-9D01-4535-BEAD-A43938314160}.Ad-Hoc|iPhoneSimulator.Build.0 = Release|Any CPU
		{1370D989-9D01-4535-BEAD-A43938314160}.Ad-Hoc|iPhoneSimulator.Deploy.0 = Release|Any CPU
		{1370D989-9D01-4535-BEAD-A43938314160}.Ad-Hoc|x64.ActiveCfg = Release|x64
		{1370D989-9D01-4535-BEAD-A43938314160}.Ad-Hoc|x64.Build.0 = Release|x64
		{1370D989-9D01-4535-BEAD-A43938314160}.Ad-Hoc|x64.Deploy.0 = Release|x64
		{1370D989-9D01-4535-BEAD-A43938314160}.Ad-Hoc|x86.ActiveCfg = Release|x86
		{1370D989-9D01-4535-BEAD-A43938314160}.Ad-Hoc|x86.Build.0 = Release|x86
		{1370D989-9D01-4535-BEAD-A43938314160}.Ad-Hoc|x86.Deploy.0 = Release|x86
		{1370D989-9D01-4535-BEAD-A43938314160}.AppStore|Any CPU.ActiveCfg = Release|Any CPU
		{1370D989-9D01-4535-BEAD-A43938314160}.AppStore|Any CPU.Build.0 = Release|Any CPU
		{1370D989-9D01-4535-BEAD-A43938314160}.AppStore|Any CPU.Deploy.0 = Release|Any CPU
		{1370D989-9D01-4535-BEAD-A43938314160}.AppStore|ARM.ActiveCfg = Release|ARM
		{1370D989-9D01-4535-BEAD-A43938314160}.AppStore|ARM.Build.0 = Release|ARM
		{1370D989-9D01-4535-BEAD-A43938314160}.AppStore|ARM.Deploy.0 = Release|ARM
		{1370D989-9D01-4535-BEAD-A43938314160}.AppStore|iPhone.ActiveCfg = Release|Any CPU
		{1370D989-9D01-4535-BEAD-A43938314160}.AppStore|iPhone.Build.0 = Release|Any CPU
		{1370D989-9D01-4535-BEAD-A43938314160}.AppStore|iPhone.Deploy.0 = Release|Any CPU
		{1370D989-9D01-4535-BEAD-A43938314160}.AppStore|iPhoneSimulator.ActiveCfg = Release|Any CPU
		{1370D989-9D01-4535-BEAD-A43938314160}.AppStore|iPhoneSimulator.Build.0 = Release|Any CPU
		{1370D989-9D01-4535-BEAD-A43938314160}.AppStore|iPhoneSimulator.Deploy.0 = Release|Any CPU
		{1370D989-9D01-4535-BEAD-A43938314160}.AppStore|x64.ActiveCfg = Release|x64
		{1370D989-9D01-4535-BEAD-A43938314160}.AppStore|x64.Build.0 = Release|x64
		{1370D989-9D01-4535-BEAD-A43938314160}.AppStore|x64.Deploy.0 = Release|x64
		{1370D989-9D01-4535-BEAD-A43938314160}.AppStore|x86.ActiveCfg = Release|x86
		{1370D989-9D01-4535-BEAD-A43938314160}.AppStore|x86.Build.0 = Release|x86
		{1370D989-9D01-4535-BEAD-A43938314160}.AppStore|x86.Deploy.0 = Release|x86
		{1370D989-9D01-4535-BEAD-A43938314160}.Debug|Any CPU.ActiveCfg = Debug|Any CPU
		{1370D989-9D01-4535-BEAD-A43938314160}.Debug|Any CPU.Build.0 = Debug|Any CPU
		{1370D989-9D01-4535-BEAD-A43938314160}.Debug|Any CPU.Deploy.0 = Debug|Any CPU
		{1370D989-9D01-4535-BEAD-A43938314160}.Debug|ARM.ActiveCfg = Debug|ARM
		{1370D989-9D01-4535-BEAD-A43938314160}.Debug|ARM.Build.0 = Debug|ARM
		{1370D989-9D01-4535-BEAD-A43938314160}.Debug|ARM.Deploy.0 = Debug|ARM
		{1370D989-9D01-4535-BEAD-A43938314160}.Debug|iPhone.ActiveCfg = Debug|Any CPU
		{1370D989-9D01-4535-BEAD-A43938314160}.Debug|iPhone.Build.0 = Debug|Any CPU
		{1370D989-9D01-4535-BEAD-A43938314160}.Debug|iPhone.Deploy.0 = Debug|Any CPU
		{1370D989-9D01-4535-BEAD-A43938314160}.Debug|iPhoneSimulator.ActiveCfg = Debug|Any CPU
		{1370D989-9D01-4535-BEAD-A43938314160}.Debug|iPhoneSimulator.Build.0 = Debug|Any CPU
		{1370D989-9D01-4535-BEAD-A43938314160}.Debug|iPhoneSimulator.Deploy.0 = Debug|Any CPU
		{1370D989-9D01-4535-BEAD-A43938314160}.Debug|x64.ActiveCfg = Debug|x64
		{1370D989-9D01-4535-BEAD-A43938314160}.Debug|x64.Build.0 = Debug|x64
		{1370D989-9D01-4535-BEAD-A43938314160}.Debug|x64.Deploy.0 = Debug|x64
		{1370D989-9D01-4535-BEAD-A43938314160}.Debug|x86.ActiveCfg = Debug|x86
		{1370D989-9D01-4535-BEAD-A43938314160}.Debug|x86.Build.0 = Debug|x86
		{1370D989-9D01-4535-BEAD-A43938314160}.Debug|x86.Deploy.0 = Debug|x86
		{1370D989-9D01-4535-BEAD-A43938314160}.Release|Any CPU.ActiveCfg = Release|Any CPU
		{1370D989-9D01-4535-BEAD-A43938314160}.Release|Any CPU.Build.0 = Release|Any CPU
		{1370D989-9D01-4535-BEAD-A43938314160}.Release|Any CPU.Deploy.0 = Release|Any CPU
		{1370D989-9D01-4535-BEAD-A43938314160}.Release|ARM.ActiveCfg = Release|ARM
		{1370D989-9D01-4535-BEAD-A43938314160}.Release|ARM.Build.0 = Release|ARM
		{1370D989-9D01-4535-BEAD-A43938314160}.Release|ARM.Deploy.0 = Release|ARM
		{1370D989-9D01-4535-BEAD-A43938314160}.Release|iPhone.ActiveCfg = Release|Any CPU
		{1370D989-9D01-4535-BEAD-A43938314160}.Release|iPhone.Build.0 = Release|Any CPU
		{1370D989-9D01-4535-BEAD-A43938314160}.Release|iPhone.Deploy.0 = Release|Any CPU
		{1370D989-9D01-4535-BEAD-A43938314160}.Release|iPhoneSimulator.ActiveCfg = Release|Any CPU
		{1370D989-9D01-4535-BEAD-A43938314160}.Release|iPhoneSimulator.Build.0 = Release|Any CPU
		{1370D989-9D01-4535-BEAD-A43938314160}.Release|iPhoneSimulator.Deploy.0 = Release|Any CPU
		{1370D989-9D01-4535-BEAD-A43938314160}.Release|x64.ActiveCfg = Release|x64
		{1370D989-9D01-4535-BEAD-A43938314160}.Release|x64.Build.0 = Release|x64
		{1370D989-9D01-4535-BEAD-A43938314160}.Release|x64.Deploy.0 = Release|x64
		{1370D989-9D01-4535-BEAD-A43938314160}.Release|x86.ActiveCfg = Release|x86
		{1370D989-9D01-4535-BEAD-A43938314160}.Release|x86.Build.0 = Release|x86
		{1370D989-9D01-4535-BEAD-A43938314160}.Release|x86.Deploy.0 = Release|x86
		{CF298BC8-C87A-4A2F-B98F-829BCC86C1BB}.Ad-Hoc|Any CPU.ActiveCfg = Release|Any CPU
		{CF298BC8-C87A-4A2F-B98F-829BCC86C1BB}.Ad-Hoc|Any CPU.Build.0 = Release|Any CPU
		{CF298BC8-C87A-4A2F-B98F-829BCC86C1BB}.Ad-Hoc|ARM.ActiveCfg = Release|Any CPU
		{CF298BC8-C87A-4A2F-B98F-829BCC86C1BB}.Ad-Hoc|ARM.Build.0 = Release|Any CPU
		{CF298BC8-C87A-4A2F-B98F-829BCC86C1BB}.Ad-Hoc|iPhone.ActiveCfg = Release|Any CPU
		{CF298BC8-C87A-4A2F-B98F-829BCC86C1BB}.Ad-Hoc|iPhone.Build.0 = Release|Any CPU
		{CF298BC8-C87A-4A2F-B98F-829BCC86C1BB}.Ad-Hoc|iPhoneSimulator.ActiveCfg = Release|Any CPU
		{CF298BC8-C87A-4A2F-B98F-829BCC86C1BB}.Ad-Hoc|iPhoneSimulator.Build.0 = Release|Any CPU
		{CF298BC8-C87A-4A2F-B98F-829BCC86C1BB}.Ad-Hoc|x64.ActiveCfg = Release|Any CPU
		{CF298BC8-C87A-4A2F-B98F-829BCC86C1BB}.Ad-Hoc|x64.Build.0 = Release|Any CPU
		{CF298BC8-C87A-4A2F-B98F-829BCC86C1BB}.Ad-Hoc|x86.ActiveCfg = Release|Any CPU
		{CF298BC8-C87A-4A2F-B98F-829BCC86C1BB}.Ad-Hoc|x86.Build.0 = Release|Any CPU
		{CF298BC8-C87A-4A2F-B98F-829BCC86C1BB}.AppStore|Any CPU.ActiveCfg = Release|Any CPU
		{CF298BC8-C87A-4A2F-B98F-829BCC86C1BB}.AppStore|Any CPU.Build.0 = Release|Any CPU
		{CF298BC8-C87A-4A2F-B98F-829BCC86C1BB}.AppStore|ARM.ActiveCfg = Release|Any CPU
		{CF298BC8-C87A-4A2F-B98F-829BCC86C1BB}.AppStore|ARM.Build.0 = Release|Any CPU
		{CF298BC8-C87A-4A2F-B98F-829BCC86C1BB}.AppStore|iPhone.ActiveCfg = Release|Any CPU
		{CF298BC8-C87A-4A2F-B98F-829BCC86C1BB}.AppStore|iPhone.Build.0 = Release|Any CPU
		{CF298BC8-C87A-4A2F-B98F-829BCC86C1BB}.AppStore|iPhoneSimulator.ActiveCfg = Release|Any CPU
		{CF298BC8-C87A-4A2F-B98F-829BCC86C1BB}.AppStore|iPhoneSimulator.Build.0 = Release|Any CPU
		{CF298BC8-C87A-4A2F-B98F-829BCC86C1BB}.AppStore|x64.ActiveCfg = Release|Any CPU
		{CF298BC8-C87A-4A2F-B98F-829BCC86C1BB}.AppStore|x64.Build.0 = Release|Any CPU
		{CF298BC8-C87A-4A2F-B98F-829BCC86C1BB}.AppStore|x86.ActiveCfg = Release|Any CPU
		{CF298BC8-C87A-4A2F-B98F-829BCC86C1BB}.AppStore|x86.Build.0 = Release|Any CPU
		{CF298BC8-C87A-4A2F-B98F-829BCC86C1BB}.Debug|Any CPU.ActiveCfg = Debug|Any CPU
		{CF298BC8-C87A-4A2F-B98F-829BCC86C1BB}.Debug|Any CPU.Build.0 = Debug|Any CPU
		{CF298BC8-C87A-4A2F-B98F-829BCC86C1BB}.Debug|ARM.ActiveCfg = Debug|Any CPU
		{CF298BC8-C87A-4A2F-B98F-829BCC86C1BB}.Debug|ARM.Build.0 = Debug|Any CPU
		{CF298BC8-C87A-4A2F-B98F-829BCC86C1BB}.Debug|iPhone.ActiveCfg = Debug|Any CPU
		{CF298BC8-C87A-4A2F-B98F-829BCC86C1BB}.Debug|iPhone.Build.0 = Debug|Any CPU
		{CF298BC8-C87A-4A2F-B98F-829BCC86C1BB}.Debug|iPhoneSimulator.ActiveCfg = Debug|Any CPU
		{CF298BC8-C87A-4A2F-B98F-829BCC86C1BB}.Debug|iPhoneSimulator.Build.0 = Debug|Any CPU
		{CF298BC8-C87A-4A2F-B98F-829BCC86C1BB}.Debug|x64.ActiveCfg = Debug|Any CPU
		{CF298BC8-C87A-4A2F-B98F-829BCC86C1BB}.Debug|x64.Build.0 = Debug|Any CPU
		{CF298BC8-C87A-4A2F-B98F-829BCC86C1BB}.Debug|x86.ActiveCfg = Debug|Any CPU
		{CF298BC8-C87A-4A2F-B98F-829BCC86C1BB}.Debug|x86.Build.0 = Debug|Any CPU
		{CF298BC8-C87A-4A2F-B98F-829BCC86C1BB}.Release|Any CPU.ActiveCfg = Release|Any CPU
		{CF298BC8-C87A-4A2F-B98F-829BCC86C1BB}.Release|Any CPU.Build.0 = Release|Any CPU
		{CF298BC8-C87A-4A2F-B98F-829BCC86C1BB}.Release|ARM.ActiveCfg = Release|Any CPU
		{CF298BC8-C87A-4A2F-B98F-829BCC86C1BB}.Release|ARM.Build.0 = Release|Any CPU
		{CF298BC8-C87A-4A2F-B98F-829BCC86C1BB}.Release|iPhone.ActiveCfg = Release|Any CPU
		{CF298BC8-C87A-4A2F-B98F-829BCC86C1BB}.Release|iPhone.Build.0 = Release|Any CPU
		{CF298BC8-C87A-4A2F-B98F-829BCC86C1BB}.Release|iPhoneSimulator.ActiveCfg = Release|Any CPU
		{CF298BC8-C87A-4A2F-B98F-829BCC86C1BB}.Release|iPhoneSimulator.Build.0 = Release|Any CPU
		{CF298BC8-C87A-4A2F-B98F-829BCC86C1BB}.Release|x64.ActiveCfg = Release|Any CPU
		{CF298BC8-C87A-4A2F-B98F-829BCC86C1BB}.Release|x64.Build.0 = Release|Any CPU
		{CF298BC8-C87A-4A2F-B98F-829BCC86C1BB}.Release|x86.ActiveCfg = Release|Any CPU
		{CF298BC8-C87A-4A2F-B98F-829BCC86C1BB}.Release|x86.Build.0 = Release|Any CPU
	EndGlobalSection
	GlobalSection(SolutionProperties) = preSolution
		HideSolutionNode = FALSE
	EndGlobalSection
EndGlobal
